<?xml version="1.0" encoding="utf-8"?>
<Project ToolsVersion="4.0" xmlns="http://schemas.microsoft.com/developer/msbuild/2003">
  <ItemGroup>
    <Filter Include="Math">
      <UniqueIdentifier>{c3372525-48e6-431d-8a80-f5fe6ad20677}</UniqueIdentifier>
    </Filter>
    <Filter Include="Math\Accel">
      <UniqueIdentifier>{467175a5-1017-4f5b-8f8d-ac5d86a909f5}</UniqueIdentifier>
    </Filter>
    <Filter Include="Platform">
      <UniqueIdentifier>{bcc62eaf-46c7-4e32-aee2-793fafd7599f}</UniqueIdentifier>
    </Filter>
    <Filter Include="Core">
      <UniqueIdentifier>{7c811f06-8fb7-482e-bef7-4e1a06c54b55}</UniqueIdentifier>
    </Filter>
    <Filter Include="Core\Ray">
      <UniqueIdentifier>{ff0c1d95-a49d-4a65-977f-f5166aa9ee72}</UniqueIdentifier>
    </Filter>
    <Filter Include="Core\Surface">
      <UniqueIdentifier>{6e172a55-f2fd-419f-ab10-cbd0c0508d55}</UniqueIdentifier>
    </Filter>
    <Filter Include="Core\Material">
      <UniqueIdentifier>{234f98c3-152c-4343-89be-95aad55b1b66}</UniqueIdentifier>
    </Filter>
    <Filter Include="Image">
      <UniqueIdentifier>{c8a92725-3b03-4176-b0c5-37848ca02dbc}</UniqueIdentifier>
    </Filter>
    <Filter Include="Core\Light">
      <UniqueIdentifier>{557d8cf8-b479-4021-ae30-f9ccaaef7fd3}</UniqueIdentifier>
    </Filter>
    <Filter Include="Core\Scene">
      <UniqueIdentifier>{22877801-9853-4857-9db4-d5cf7a5d5b26}</UniqueIdentifier>
    </Filter>
    <Filter Include="Core\Camera">
      <UniqueIdentifier>{0c7edf32-2fe3-4da0-869b-383b2c4eb67c}</UniqueIdentifier>
    </Filter>
  </ItemGroup>
  <ItemGroup>
    <ClInclude Include="Source\Math\Accel\MathAccel.h">
      <Filter>Math\Accel</Filter>
    </ClInclude>
    <ClInclude Include="Source\Math\Accel\MathAccelGeneral.h">
      <Filter>Math\Accel</Filter>
    </ClInclude>
    <ClInclude Include="Source\Math\Accel\MathAccelSSE.h">
      <Filter>Math\Accel</Filter>
    </ClInclude>
    <ClInclude Include="Source\Math\Color.h">
      <Filter>Math</Filter>
    </ClInclude>
    <ClInclude Include="Source\Math\Mat.h">
      <Filter>Math</Filter>
    </ClInclude>
    <ClInclude Include="Source\Math\Mat3x3f.h">
      <Filter>Math</Filter>
    </ClInclude>
    <ClInclude Include="Source\Math\Mat4x3f.h">
      <Filter>Math</Filter>
    </ClInclude>
    <ClInclude Include="Source\Math\Mat4x4f.h">
      <Filter>Math</Filter>
    </ClInclude>
    <ClInclude Include="Source\Math\Math.h">
      <Filter>Math</Filter>
    </ClInclude>
    <ClInclude Include="Source\Math\Quat.h">
      <Filter>Math</Filter>
    </ClInclude>
    <ClInclude Include="Source\Math\Vec.h">
      <Filter>Math</Filter>
    </ClInclude>
    <ClInclude Include="Source\Math\Vec2f.h">
      <Filter>Math</Filter>
    </ClInclude>
    <ClInclude Include="Source\Math\Vec3f.h">
      <Filter>Math</Filter>
    </ClInclude>
    <ClInclude Include="Source\Math\Vec4f.h">
      <Filter>Math</Filter>
    </ClInclude>
    <ClInclude Include="Source\Platform\ClangDefines.h">
      <Filter>Platform</Filter>
    </ClInclude>
    <ClInclude Include="Source\Platform\GCCDefines.h">
      <Filter>Platform</Filter>
    </ClInclude>
    <ClInclude Include="Source\Platform\MSVCDefines.h">
      <Filter>Platform</Filter>
    </ClInclude>
    <ClInclude Include="Source\Platform\PlatformDefines.h">
      <Filter>Platform</Filter>
    </ClInclude>
    <ClInclude Include="Source\Platform\Platform.h">
      <Filter>Platform</Filter>
    </ClInclude>
    <ClInclude Include="Source\Core\BRDF.h">
      <Filter>Core</Filter>
    </ClInclude>
    <ClInclude Include="Source\Core\Ray.h">
      <Filter>Core\Ray</Filter>
    </ClInclude>
    <ClInclude Include="Source\Core\Material.h">
      <Filter>Core\Material</Filter>
    </ClInclude>
    <ClInclude Include="Source\Core\Surface.h">
      <Filter>Core\Surface</Filter>
    </ClInclude>
    <ClInclude Include="Source\Core\Sphere.h">
      <Filter>Core\Surface</Filter>
    </ClInclude>
    <ClInclude Include="Source\Image\Image.h">
      <Filter>Image</Filter>
    </ClInclude>
    <ClInclude Include="Source\Core\Scene.h">
      <Filter>Core\Scene</Filter>
    </ClInclude>
    <ClInclude Include="Source\Core\Light.h">
      <Filter>Core\Light</Filter>
    </ClInclude>
    <ClInclude Include="Source\Core\Camera.h">
      <Filter>Core\Camera</Filter>
    </ClInclude>
    <ClInclude Include="Source\Core\RayTracer.h">
      <Filter>Core</Filter>
    </ClInclude>
  </ItemGroup>
  <ItemGroup>
    <ClCompile Include="Source\main.cpp" />
    <ClCompile Include="Source\Core\BRDF.cpp">
      <Filter>Core</Filter>
    </ClCompile>
    <ClCompile Include="Source\Core\Ray.cpp">
      <Filter>Core\Ray</Filter>
    </ClCompile>
    <ClCompile Include="Source\Core\Material.cpp">
      <Filter>Core\Material</Filter>
    </ClCompile>
    <ClCompile Include="Source\Core\Surface.cpp">
      <Filter>Core\Surface</Filter>
    </ClCompile>
    <ClCompile Include="Source\Core\Sphere.cpp">
      <Filter>Core\Surface</Filter>
    </ClCompile>
    <ClCompile Include="Source\Image\Image.cpp">
      <Filter>Image</Filter>
    </ClCompile>
    <ClCompile Include="Source\Core\Scene.cpp">
      <Filter>Core\Scene</Filter>
    </ClCompile>
    <ClCompile Include="Source\Core\Light.cpp">
      <Filter>Core\Light</Filter>
    </ClCompile>
    <ClCompile Include="Source\Core\Camera.cpp">
      <Filter>Core\Camera</Filter>
    </ClCompile>
    <ClCompile Include="Source\Core\RayTracer.cpp">
      <Filter>Core</Filter>
    </ClCompile>
  </ItemGroup>
</Project>